
Microsoft Visual Studio Solution File, Format Version 12.00
# Visual Studio Version 17
VisualStudioVersion = 17.13.35617.110 d17.13
MinimumVisualStudioVersion = 10.0.40219.1
Project("{FAE04EC0-301F-11D3-BF4B-00C04F79EFBC}") = "LCE-MultiTool.GUI", "LCE-MultiTool.GUI\LCE-MultiTool.GUI.csproj", "{2D7DC50D-E796-4EED-9C2E-71222357B80B}"
EndProject
Global
	GlobalSection(SolutionConfigurationPlatforms) = preSolution
		Debug|Any CPU = Debug|Any CPU
		Release|Any CPU = Release|Any CPU
	EndGlobalSection
	GlobalSection(ProjectConfigurationPlatforms) = postSolution
		{2D7DC50D-E796-4EED-9C2E-71222357B80B}.Debug|Any CPU.ActiveCfg = Debug|Any CPU
		{2D7DC50D-E796-4EED-9C2E-71222357B80B}.Debug|Any CPU.Build.0 = Debug|Any CPU
		{2D7DC50D-E796-4EED-9C2E-71222357B80B}.Release|Any CPU.ActiveCfg = Release|Any CPU
		{2D7DC50D-E796-4EED-9C2E-71222357B80B}.Release|Any CPU.Build.0 = Release|Any CPU
	EndGlobalSection
	GlobalSection(SolutionProperties) = preSolution
		HideSolutionNode = FALSE
	EndGlobalSection
	GlobalSection(ExtensibilityGlobals) = postSolution
		SolutionGuid = {D26D8405-9497-44AF-831F-CADF168F6EA6}
	EndGlobalSection
EndGlobal
